
Microsoft Visual Studio Solution File, Format Version 12.00
# Visual Studio Version 16
VisualStudioVersion = 16.0.29709.97
MinimumVisualStudioVersion = 10.0.40219.1
Project("{888888A0-9F3D-457C-B088-3A5042F75D52}") = "MyAnnoyingPartner", "MyAnnoyingPartner.pyproj", "{8F936D67-1356-47BE-B25A-455B8062E716}"
EndProject
Global
	GlobalSection(SolutionConfigurationPlatforms) = preSolution
		Debug|Any CPU = Debug|Any CPU
		Release|Any CPU = Release|Any CPU
	EndGlobalSection
	GlobalSection(ProjectConfigurationPlatforms) = postSolution
		{8F936D67-1356-47BE-B25A-455B8062E716}.Debug|Any CPU.ActiveCfg = Debug|Any CPU
		{8F936D67-1356-47BE-B25A-455B8062E716}.Release|Any CPU.ActiveCfg = Release|Any CPU
	EndGlobalSection
	GlobalSection(SolutionProperties) = preSolution
		HideSolutionNode = FALSE
	EndGlobalSection
	GlobalSection(ExtensibilityGlobals) = postSolution
		SolutionGuid = {AD4240D6-5B5C-4F5F-AE15-935B42F9ECB9}
	EndGlobalSection
EndGlobal
